
Microsoft Visual Studio Solution File, Format Version 12.00
# Visual Studio 15
VisualStudioVersion = 15.0.26124.0
MinimumVisualStudioVersion = 15.0.26124.0
Project("{2150E333-8FDC-42A3-9474-1A3956D46DE8}") = "rmq", "rmq", "{3E8655E1-58E2-44A8-A90D-053C3976EB9D}"
EndProject
Project("{FAE04EC0-301F-11D3-BF4B-00C04F79EFBC}") = "send", "rmq\send\send.csproj", "{0B45B79D-28DF-4C4D-95B5-D4B1A33A166E}"
EndProject
Project("{FAE04EC0-301F-11D3-BF4B-00C04F79EFBC}") = "receive", "rmq\receive\receive.csproj", "{ED5404F1-A5D1-4DE6-9E6C-7BCB8AD237E3}"
EndProject
Project("{FAE04EC0-301F-11D3-BF4B-00C04F79EFBC}") = "hris.xunit", "hris.xunit\hris.xunit.csproj", "{6BA0DAD0-961C-4E1B-B161-2A92285D158D}"
EndProject
Global
	GlobalSection(SolutionConfigurationPlatforms) = preSolution
		Debug|Any CPU = Debug|Any CPU
		Debug|x64 = Debug|x64
		Debug|x86 = Debug|x86
		Release|Any CPU = Release|Any CPU
		Release|x64 = Release|x64
		Release|x86 = Release|x86
	EndGlobalSection
	GlobalSection(SolutionProperties) = preSolution
		HideSolutionNode = FALSE
	EndGlobalSection
	GlobalSection(ProjectConfigurationPlatforms) = postSolution
		{0B45B79D-28DF-4C4D-95B5-D4B1A33A166E}.Debug|Any CPU.ActiveCfg = Debug|Any CPU
		{0B45B79D-28DF-4C4D-95B5-D4B1A33A166E}.Debug|Any CPU.Build.0 = Debug|Any CPU
		{0B45B79D-28DF-4C4D-95B5-D4B1A33A166E}.Debug|x64.ActiveCfg = Debug|Any CPU
		{0B45B79D-28DF-4C4D-95B5-D4B1A33A166E}.Debug|x64.Build.0 = Debug|Any CPU
		{0B45B79D-28DF-4C4D-95B5-D4B1A33A166E}.Debug|x86.ActiveCfg = Debug|Any CPU
		{0B45B79D-28DF-4C4D-95B5-D4B1A33A166E}.Debug|x86.Build.0 = Debug|Any CPU
		{0B45B79D-28DF-4C4D-95B5-D4B1A33A166E}.Release|Any CPU.ActiveCfg = Release|Any CPU
		{0B45B79D-28DF-4C4D-95B5-D4B1A33A166E}.Release|Any CPU.Build.0 = Release|Any CPU
		{0B45B79D-28DF-4C4D-95B5-D4B1A33A166E}.Release|x64.ActiveCfg = Release|Any CPU
		{0B45B79D-28DF-4C4D-95B5-D4B1A33A166E}.Release|x64.Build.0 = Release|Any CPU
		{0B45B79D-28DF-4C4D-95B5-D4B1A33A166E}.Release|x86.ActiveCfg = Release|Any CPU
		{0B45B79D-28DF-4C4D-95B5-D4B1A33A166E}.Release|x86.Build.0 = Release|Any CPU
		{ED5404F1-A5D1-4DE6-9E6C-7BCB8AD237E3}.Debug|Any CPU.ActiveCfg = Debug|Any CPU
		{ED5404F1-A5D1-4DE6-9E6C-7BCB8AD237E3}.Debug|Any CPU.Build.0 = Debug|Any CPU
		{ED5404F1-A5D1-4DE6-9E6C-7BCB8AD237E3}.Debug|x64.ActiveCfg = Debug|Any CPU
		{ED5404F1-A5D1-4DE6-9E6C-7BCB8AD237E3}.Debug|x64.Build.0 = Debug|Any CPU
		{ED5404F1-A5D1-4DE6-9E6C-7BCB8AD237E3}.Debug|x86.ActiveCfg = Debug|Any CPU
		{ED5404F1-A5D1-4DE6-9E6C-7BCB8AD237E3}.Debug|x86.Build.0 = Debug|Any CPU
		{ED5404F1-A5D1-4DE6-9E6C-7BCB8AD237E3}.Release|Any CPU.ActiveCfg = Release|Any CPU
		{ED5404F1-A5D1-4DE6-9E6C-7BCB8AD237E3}.Release|Any CPU.Build.0 = Release|Any CPU
		{ED5404F1-A5D1-4DE6-9E6C-7BCB8AD237E3}.Release|x64.ActiveCfg = Release|Any CPU
		{ED5404F1-A5D1-4DE6-9E6C-7BCB8AD237E3}.Release|x64.Build.0 = Release|Any CPU
		{ED5404F1-A5D1-4DE6-9E6C-7BCB8AD237E3}.Release|x86.ActiveCfg = Release|Any CPU
		{ED5404F1-A5D1-4DE6-9E6C-7BCB8AD237E3}.Release|x86.Build.0 = Release|Any CPU
		{6BA0DAD0-961C-4E1B-B161-2A92285D158D}.Debug|Any CPU.ActiveCfg = Debug|Any CPU
		{6BA0DAD0-961C-4E1B-B161-2A92285D158D}.Debug|Any CPU.Build.0 = Debug|Any CPU
		{6BA0DAD0-961C-4E1B-B161-2A92285D158D}.Debug|x64.ActiveCfg = Debug|Any CPU
		{6BA0DAD0-961C-4E1B-B161-2A92285D158D}.Debug|x64.Build.0 = Debug|Any CPU
		{6BA0DAD0-961C-4E1B-B161-2A92285D158D}.Debug|x86.ActiveCfg = Debug|Any CPU
		{6BA0DAD0-961C-4E1B-B161-2A92285D158D}.Debug|x86.Build.0 = Debug|Any CPU
		{6BA0DAD0-961C-4E1B-B161-2A92285D158D}.Release|Any CPU.ActiveCfg = Release|Any CPU
		{6BA0DAD0-961C-4E1B-B161-2A92285D158D}.Release|Any CPU.Build.0 = Release|Any CPU
		{6BA0DAD0-961C-4E1B-B161-2A92285D158D}.Release|x64.ActiveCfg = Release|Any CPU
		{6BA0DAD0-961C-4E1B-B161-2A92285D158D}.Release|x64.Build.0 = Release|Any CPU
		{6BA0DAD0-961C-4E1B-B161-2A92285D158D}.Release|x86.ActiveCfg = Release|Any CPU
		{6BA0DAD0-961C-4E1B-B161-2A92285D158D}.Release|x86.Build.0 = Release|Any CPU
	EndGlobalSection
	GlobalSection(NestedProjects) = preSolution
		{0B45B79D-28DF-4C4D-95B5-D4B1A33A166E} = {3E8655E1-58E2-44A8-A90D-053C3976EB9D}
		{ED5404F1-A5D1-4DE6-9E6C-7BCB8AD237E3} = {3E8655E1-58E2-44A8-A90D-053C3976EB9D}
	EndGlobalSection
EndGlobal
