
Microsoft Visual Studio Solution File, Format Version 12.00
# Visual Studio 15
VisualStudioVersion = 15.0.26124.0
MinimumVisualStudioVersion = 15.0.26124.0
Project("{FAE04EC0-301F-11D3-BF4B-00C04F79EFBC}") = "Payroll.Application", "Payroll.Application\Payroll.Application.csproj", "{0E3A2338-58CF-449D-B905-0CD2F3BCB562}"
EndProject
Project("{FAE04EC0-301F-11D3-BF4B-00C04F79EFBC}") = "Payroll.Domain", "Payroll.Domain\Payroll.Domain.csproj", "{66529B9B-F0F6-46AA-9F7D-A3583DAFC6DE}"
EndProject
Project("{FAE04EC0-301F-11D3-BF4B-00C04F79EFBC}") = "Payroll.EventSourcing", "Payroll.EventSourcing\Payroll.EventSourcing.csproj", "{F5B1DB55-A9E5-4734-95F5-3541BF4DCB8F}"
EndProject
Project("{FAE04EC0-301F-11D3-BF4B-00C04F79EFBC}") = "Payroll.Infrastructure", "Payroll.Infrastructure\Payroll.Infrastructure.csproj", "{671BE4FB-173F-443D-BF87-F1C5D6EB8F6F}"
EndProject
Global
	GlobalSection(SolutionConfigurationPlatforms) = preSolution
		Debug|Any CPU = Debug|Any CPU
		Debug|x64 = Debug|x64
		Debug|x86 = Debug|x86
		Release|Any CPU = Release|Any CPU
		Release|x64 = Release|x64
		Release|x86 = Release|x86
	EndGlobalSection
	GlobalSection(SolutionProperties) = preSolution
		HideSolutionNode = FALSE
	EndGlobalSection
	GlobalSection(ProjectConfigurationPlatforms) = postSolution
		{0E3A2338-58CF-449D-B905-0CD2F3BCB562}.Debug|Any CPU.ActiveCfg = Debug|Any CPU
		{0E3A2338-58CF-449D-B905-0CD2F3BCB562}.Debug|Any CPU.Build.0 = Debug|Any CPU
		{0E3A2338-58CF-449D-B905-0CD2F3BCB562}.Debug|x64.ActiveCfg = Debug|Any CPU
		{0E3A2338-58CF-449D-B905-0CD2F3BCB562}.Debug|x64.Build.0 = Debug|Any CPU
		{0E3A2338-58CF-449D-B905-0CD2F3BCB562}.Debug|x86.ActiveCfg = Debug|Any CPU
		{0E3A2338-58CF-449D-B905-0CD2F3BCB562}.Debug|x86.Build.0 = Debug|Any CPU
		{0E3A2338-58CF-449D-B905-0CD2F3BCB562}.Release|Any CPU.ActiveCfg = Release|Any CPU
		{0E3A2338-58CF-449D-B905-0CD2F3BCB562}.Release|Any CPU.Build.0 = Release|Any CPU
		{0E3A2338-58CF-449D-B905-0CD2F3BCB562}.Release|x64.ActiveCfg = Release|Any CPU
		{0E3A2338-58CF-449D-B905-0CD2F3BCB562}.Release|x64.Build.0 = Release|Any CPU
		{0E3A2338-58CF-449D-B905-0CD2F3BCB562}.Release|x86.ActiveCfg = Release|Any CPU
		{0E3A2338-58CF-449D-B905-0CD2F3BCB562}.Release|x86.Build.0 = Release|Any CPU
		{66529B9B-F0F6-46AA-9F7D-A3583DAFC6DE}.Debug|Any CPU.ActiveCfg = Debug|Any CPU
		{66529B9B-F0F6-46AA-9F7D-A3583DAFC6DE}.Debug|Any CPU.Build.0 = Debug|Any CPU
		{66529B9B-F0F6-46AA-9F7D-A3583DAFC6DE}.Debug|x64.ActiveCfg = Debug|Any CPU
		{66529B9B-F0F6-46AA-9F7D-A3583DAFC6DE}.Debug|x64.Build.0 = Debug|Any CPU
		{66529B9B-F0F6-46AA-9F7D-A3583DAFC6DE}.Debug|x86.ActiveCfg = Debug|Any CPU
		{66529B9B-F0F6-46AA-9F7D-A3583DAFC6DE}.Debug|x86.Build.0 = Debug|Any CPU
		{66529B9B-F0F6-46AA-9F7D-A3583DAFC6DE}.Release|Any CPU.ActiveCfg = Release|Any CPU
		{66529B9B-F0F6-46AA-9F7D-A3583DAFC6DE}.Release|Any CPU.Build.0 = Release|Any CPU
		{66529B9B-F0F6-46AA-9F7D-A3583DAFC6DE}.Release|x64.ActiveCfg = Release|Any CPU
		{66529B9B-F0F6-46AA-9F7D-A3583DAFC6DE}.Release|x64.Build.0 = Release|Any CPU
		{66529B9B-F0F6-46AA-9F7D-A3583DAFC6DE}.Release|x86.ActiveCfg = Release|Any CPU
		{66529B9B-F0F6-46AA-9F7D-A3583DAFC6DE}.Release|x86.Build.0 = Release|Any CPU
		{F5B1DB55-A9E5-4734-95F5-3541BF4DCB8F}.Debug|Any CPU.ActiveCfg = Debug|Any CPU
		{F5B1DB55-A9E5-4734-95F5-3541BF4DCB8F}.Debug|Any CPU.Build.0 = Debug|Any CPU
		{F5B1DB55-A9E5-4734-95F5-3541BF4DCB8F}.Debug|x64.ActiveCfg = Debug|Any CPU
		{F5B1DB55-A9E5-4734-95F5-3541BF4DCB8F}.Debug|x64.Build.0 = Debug|Any CPU
		{F5B1DB55-A9E5-4734-95F5-3541BF4DCB8F}.Debug|x86.ActiveCfg = Debug|Any CPU
		{F5B1DB55-A9E5-4734-95F5-3541BF4DCB8F}.Debug|x86.Build.0 = Debug|Any CPU
		{F5B1DB55-A9E5-4734-95F5-3541BF4DCB8F}.Release|Any CPU.ActiveCfg = Release|Any CPU
		{F5B1DB55-A9E5-4734-95F5-3541BF4DCB8F}.Release|Any CPU.Build.0 = Release|Any CPU
		{F5B1DB55-A9E5-4734-95F5-3541BF4DCB8F}.Release|x64.ActiveCfg = Release|Any CPU
		{F5B1DB55-A9E5-4734-95F5-3541BF4DCB8F}.Release|x64.Build.0 = Release|Any CPU
		{F5B1DB55-A9E5-4734-95F5-3541BF4DCB8F}.Release|x86.ActiveCfg = Release|Any CPU
		{F5B1DB55-A9E5-4734-95F5-3541BF4DCB8F}.Release|x86.Build.0 = Release|Any CPU
		{671BE4FB-173F-443D-BF87-F1C5D6EB8F6F}.Debug|Any CPU.ActiveCfg = Debug|Any CPU
		{671BE4FB-173F-443D-BF87-F1C5D6EB8F6F}.Debug|Any CPU.Build.0 = Debug|Any CPU
		{671BE4FB-173F-443D-BF87-F1C5D6EB8F6F}.Debug|x64.ActiveCfg = Debug|Any CPU
		{671BE4FB-173F-443D-BF87-F1C5D6EB8F6F}.Debug|x64.Build.0 = Debug|Any CPU
		{671BE4FB-173F-443D-BF87-F1C5D6EB8F6F}.Debug|x86.ActiveCfg = Debug|Any CPU
		{671BE4FB-173F-443D-BF87-F1C5D6EB8F6F}.Debug|x86.Build.0 = Debug|Any CPU
		{671BE4FB-173F-443D-BF87-F1C5D6EB8F6F}.Release|Any CPU.ActiveCfg = Release|Any CPU
		{671BE4FB-173F-443D-BF87-F1C5D6EB8F6F}.Release|Any CPU.Build.0 = Release|Any CPU
		{671BE4FB-173F-443D-BF87-F1C5D6EB8F6F}.Release|x64.ActiveCfg = Release|Any CPU
		{671BE4FB-173F-443D-BF87-F1C5D6EB8F6F}.Release|x64.Build.0 = Release|Any CPU
		{671BE4FB-173F-443D-BF87-F1C5D6EB8F6F}.Release|x86.ActiveCfg = Release|Any CPU
		{671BE4FB-173F-443D-BF87-F1C5D6EB8F6F}.Release|x86.Build.0 = Release|Any CPU
	EndGlobalSection
EndGlobal
