
Microsoft Visual Studio Solution File, Format Version 12.00
# Visual Studio 15
VisualStudioVersion = 15.0.26124.0
MinimumVisualStudioVersion = 15.0.26124.0
Project("{FAE04EC0-301F-11D3-BF4B-00C04F79EFBC}") = "hr", "hr\hr.csproj", "{915FFA81-1C97-4018-A397-D1F9DFFD0735}"
EndProject
Project("{FAE04EC0-301F-11D3-BF4B-00C04F79EFBC}") = "hr.xunit", "hr.xunit\hr.xunit.csproj", "{4861BBC0-D4ED-4682-B0CA-8CAB1DB61ABA}"
EndProject
Project("{FAE04EC0-301F-11D3-BF4B-00C04F79EFBC}") = "console", "console\console.csproj", "{613AC5A8-6EFE-412C-81CD-9F8E3E32ABEF}"
EndProject
Global
	GlobalSection(SolutionConfigurationPlatforms) = preSolution
		Debug|Any CPU = Debug|Any CPU
		Debug|x64 = Debug|x64
		Debug|x86 = Debug|x86
		Release|Any CPU = Release|Any CPU
		Release|x64 = Release|x64
		Release|x86 = Release|x86
	EndGlobalSection
	GlobalSection(SolutionProperties) = preSolution
		HideSolutionNode = FALSE
	EndGlobalSection
	GlobalSection(ProjectConfigurationPlatforms) = postSolution
		{915FFA81-1C97-4018-A397-D1F9DFFD0735}.Debug|Any CPU.ActiveCfg = Debug|Any CPU
		{915FFA81-1C97-4018-A397-D1F9DFFD0735}.Debug|Any CPU.Build.0 = Debug|Any CPU
		{915FFA81-1C97-4018-A397-D1F9DFFD0735}.Debug|x64.ActiveCfg = Debug|Any CPU
		{915FFA81-1C97-4018-A397-D1F9DFFD0735}.Debug|x64.Build.0 = Debug|Any CPU
		{915FFA81-1C97-4018-A397-D1F9DFFD0735}.Debug|x86.ActiveCfg = Debug|Any CPU
		{915FFA81-1C97-4018-A397-D1F9DFFD0735}.Debug|x86.Build.0 = Debug|Any CPU
		{915FFA81-1C97-4018-A397-D1F9DFFD0735}.Release|Any CPU.ActiveCfg = Release|Any CPU
		{915FFA81-1C97-4018-A397-D1F9DFFD0735}.Release|Any CPU.Build.0 = Release|Any CPU
		{915FFA81-1C97-4018-A397-D1F9DFFD0735}.Release|x64.ActiveCfg = Release|Any CPU
		{915FFA81-1C97-4018-A397-D1F9DFFD0735}.Release|x64.Build.0 = Release|Any CPU
		{915FFA81-1C97-4018-A397-D1F9DFFD0735}.Release|x86.ActiveCfg = Release|Any CPU
		{915FFA81-1C97-4018-A397-D1F9DFFD0735}.Release|x86.Build.0 = Release|Any CPU
		{4861BBC0-D4ED-4682-B0CA-8CAB1DB61ABA}.Debug|Any CPU.ActiveCfg = Debug|Any CPU
		{4861BBC0-D4ED-4682-B0CA-8CAB1DB61ABA}.Debug|Any CPU.Build.0 = Debug|Any CPU
		{4861BBC0-D4ED-4682-B0CA-8CAB1DB61ABA}.Debug|x64.ActiveCfg = Debug|Any CPU
		{4861BBC0-D4ED-4682-B0CA-8CAB1DB61ABA}.Debug|x64.Build.0 = Debug|Any CPU
		{4861BBC0-D4ED-4682-B0CA-8CAB1DB61ABA}.Debug|x86.ActiveCfg = Debug|Any CPU
		{4861BBC0-D4ED-4682-B0CA-8CAB1DB61ABA}.Debug|x86.Build.0 = Debug|Any CPU
		{4861BBC0-D4ED-4682-B0CA-8CAB1DB61ABA}.Release|Any CPU.ActiveCfg = Release|Any CPU
		{4861BBC0-D4ED-4682-B0CA-8CAB1DB61ABA}.Release|Any CPU.Build.0 = Release|Any CPU
		{4861BBC0-D4ED-4682-B0CA-8CAB1DB61ABA}.Release|x64.ActiveCfg = Release|Any CPU
		{4861BBC0-D4ED-4682-B0CA-8CAB1DB61ABA}.Release|x64.Build.0 = Release|Any CPU
		{4861BBC0-D4ED-4682-B0CA-8CAB1DB61ABA}.Release|x86.ActiveCfg = Release|Any CPU
		{4861BBC0-D4ED-4682-B0CA-8CAB1DB61ABA}.Release|x86.Build.0 = Release|Any CPU
		{613AC5A8-6EFE-412C-81CD-9F8E3E32ABEF}.Debug|Any CPU.ActiveCfg = Debug|Any CPU
		{613AC5A8-6EFE-412C-81CD-9F8E3E32ABEF}.Debug|Any CPU.Build.0 = Debug|Any CPU
		{613AC5A8-6EFE-412C-81CD-9F8E3E32ABEF}.Debug|x64.ActiveCfg = Debug|Any CPU
		{613AC5A8-6EFE-412C-81CD-9F8E3E32ABEF}.Debug|x64.Build.0 = Debug|Any CPU
		{613AC5A8-6EFE-412C-81CD-9F8E3E32ABEF}.Debug|x86.ActiveCfg = Debug|Any CPU
		{613AC5A8-6EFE-412C-81CD-9F8E3E32ABEF}.Debug|x86.Build.0 = Debug|Any CPU
		{613AC5A8-6EFE-412C-81CD-9F8E3E32ABEF}.Release|Any CPU.ActiveCfg = Release|Any CPU
		{613AC5A8-6EFE-412C-81CD-9F8E3E32ABEF}.Release|Any CPU.Build.0 = Release|Any CPU
		{613AC5A8-6EFE-412C-81CD-9F8E3E32ABEF}.Release|x64.ActiveCfg = Release|Any CPU
		{613AC5A8-6EFE-412C-81CD-9F8E3E32ABEF}.Release|x64.Build.0 = Release|Any CPU
		{613AC5A8-6EFE-412C-81CD-9F8E3E32ABEF}.Release|x86.ActiveCfg = Release|Any CPU
		{613AC5A8-6EFE-412C-81CD-9F8E3E32ABEF}.Release|x86.Build.0 = Release|Any CPU
		{CBECFE92-395E-4C5B-9CD9-33A121B79FAE}.Debug|Any CPU.ActiveCfg = Debug|Any CPU
		{CBECFE92-395E-4C5B-9CD9-33A121B79FAE}.Debug|Any CPU.Build.0 = Debug|Any CPU
		{CBECFE92-395E-4C5B-9CD9-33A121B79FAE}.Debug|x64.ActiveCfg = Debug|Any CPU
		{CBECFE92-395E-4C5B-9CD9-33A121B79FAE}.Debug|x64.Build.0 = Debug|Any CPU
		{CBECFE92-395E-4C5B-9CD9-33A121B79FAE}.Debug|x86.ActiveCfg = Debug|Any CPU
		{CBECFE92-395E-4C5B-9CD9-33A121B79FAE}.Debug|x86.Build.0 = Debug|Any CPU
		{CBECFE92-395E-4C5B-9CD9-33A121B79FAE}.Release|Any CPU.ActiveCfg = Release|Any CPU
		{CBECFE92-395E-4C5B-9CD9-33A121B79FAE}.Release|Any CPU.Build.0 = Release|Any CPU
		{CBECFE92-395E-4C5B-9CD9-33A121B79FAE}.Release|x64.ActiveCfg = Release|Any CPU
		{CBECFE92-395E-4C5B-9CD9-33A121B79FAE}.Release|x64.Build.0 = Release|Any CPU
		{CBECFE92-395E-4C5B-9CD9-33A121B79FAE}.Release|x86.ActiveCfg = Release|Any CPU
		{CBECFE92-395E-4C5B-9CD9-33A121B79FAE}.Release|x86.Build.0 = Release|Any CPU
	EndGlobalSection
EndGlobal
