
Microsoft Visual Studio Solution File, Format Version 12.00
# Visual Studio 15
VisualStudioVersion = 15.0.26124.0
MinimumVisualStudioVersion = 15.0.26124.0
Project("{FAE04EC0-301F-11D3-BF4B-00C04F79EFBC}") = "console", "console\console.csproj", "{E53B65E5-A202-4AD7-BA4B-9FE952A2E574}"
EndProject
Project("{FAE04EC0-301F-11D3-BF4B-00C04F79EFBC}") = "hr", "hr\hr.csproj", "{DCAF5701-DD87-4DA3-82DB-C95E551C7652}"
EndProject
Project("{FAE04EC0-301F-11D3-BF4B-00C04F79EFBC}") = "hr.xunit", "hr.xunit\hr.xunit.csproj", "{64968DE3-1C90-4FD0-A145-D24CD8B60BEB}"
EndProject
Global
	GlobalSection(SolutionConfigurationPlatforms) = preSolution
		Debug|Any CPU = Debug|Any CPU
		Debug|x64 = Debug|x64
		Debug|x86 = Debug|x86
		Release|Any CPU = Release|Any CPU
		Release|x64 = Release|x64
		Release|x86 = Release|x86
	EndGlobalSection
	GlobalSection(SolutionProperties) = preSolution
		HideSolutionNode = FALSE
	EndGlobalSection
	GlobalSection(ProjectConfigurationPlatforms) = postSolution
		{E53B65E5-A202-4AD7-BA4B-9FE952A2E574}.Debug|Any CPU.ActiveCfg = Debug|Any CPU
		{E53B65E5-A202-4AD7-BA4B-9FE952A2E574}.Debug|Any CPU.Build.0 = Debug|Any CPU
		{E53B65E5-A202-4AD7-BA4B-9FE952A2E574}.Debug|x64.ActiveCfg = Debug|Any CPU
		{E53B65E5-A202-4AD7-BA4B-9FE952A2E574}.Debug|x64.Build.0 = Debug|Any CPU
		{E53B65E5-A202-4AD7-BA4B-9FE952A2E574}.Debug|x86.ActiveCfg = Debug|Any CPU
		{E53B65E5-A202-4AD7-BA4B-9FE952A2E574}.Debug|x86.Build.0 = Debug|Any CPU
		{E53B65E5-A202-4AD7-BA4B-9FE952A2E574}.Release|Any CPU.ActiveCfg = Release|Any CPU
		{E53B65E5-A202-4AD7-BA4B-9FE952A2E574}.Release|Any CPU.Build.0 = Release|Any CPU
		{E53B65E5-A202-4AD7-BA4B-9FE952A2E574}.Release|x64.ActiveCfg = Release|Any CPU
		{E53B65E5-A202-4AD7-BA4B-9FE952A2E574}.Release|x64.Build.0 = Release|Any CPU
		{E53B65E5-A202-4AD7-BA4B-9FE952A2E574}.Release|x86.ActiveCfg = Release|Any CPU
		{E53B65E5-A202-4AD7-BA4B-9FE952A2E574}.Release|x86.Build.0 = Release|Any CPU
		{DCAF5701-DD87-4DA3-82DB-C95E551C7652}.Debug|Any CPU.ActiveCfg = Debug|Any CPU
		{DCAF5701-DD87-4DA3-82DB-C95E551C7652}.Debug|Any CPU.Build.0 = Debug|Any CPU
		{DCAF5701-DD87-4DA3-82DB-C95E551C7652}.Debug|x64.ActiveCfg = Debug|Any CPU
		{DCAF5701-DD87-4DA3-82DB-C95E551C7652}.Debug|x64.Build.0 = Debug|Any CPU
		{DCAF5701-DD87-4DA3-82DB-C95E551C7652}.Debug|x86.ActiveCfg = Debug|Any CPU
		{DCAF5701-DD87-4DA3-82DB-C95E551C7652}.Debug|x86.Build.0 = Debug|Any CPU
		{DCAF5701-DD87-4DA3-82DB-C95E551C7652}.Release|Any CPU.ActiveCfg = Release|Any CPU
		{DCAF5701-DD87-4DA3-82DB-C95E551C7652}.Release|Any CPU.Build.0 = Release|Any CPU
		{DCAF5701-DD87-4DA3-82DB-C95E551C7652}.Release|x64.ActiveCfg = Release|Any CPU
		{DCAF5701-DD87-4DA3-82DB-C95E551C7652}.Release|x64.Build.0 = Release|Any CPU
		{DCAF5701-DD87-4DA3-82DB-C95E551C7652}.Release|x86.ActiveCfg = Release|Any CPU
		{DCAF5701-DD87-4DA3-82DB-C95E551C7652}.Release|x86.Build.0 = Release|Any CPU
		{64968DE3-1C90-4FD0-A145-D24CD8B60BEB}.Debug|Any CPU.ActiveCfg = Debug|Any CPU
		{64968DE3-1C90-4FD0-A145-D24CD8B60BEB}.Debug|Any CPU.Build.0 = Debug|Any CPU
		{64968DE3-1C90-4FD0-A145-D24CD8B60BEB}.Debug|x64.ActiveCfg = Debug|Any CPU
		{64968DE3-1C90-4FD0-A145-D24CD8B60BEB}.Debug|x64.Build.0 = Debug|Any CPU
		{64968DE3-1C90-4FD0-A145-D24CD8B60BEB}.Debug|x86.ActiveCfg = Debug|Any CPU
		{64968DE3-1C90-4FD0-A145-D24CD8B60BEB}.Debug|x86.Build.0 = Debug|Any CPU
		{64968DE3-1C90-4FD0-A145-D24CD8B60BEB}.Release|Any CPU.ActiveCfg = Release|Any CPU
		{64968DE3-1C90-4FD0-A145-D24CD8B60BEB}.Release|Any CPU.Build.0 = Release|Any CPU
		{64968DE3-1C90-4FD0-A145-D24CD8B60BEB}.Release|x64.ActiveCfg = Release|Any CPU
		{64968DE3-1C90-4FD0-A145-D24CD8B60BEB}.Release|x64.Build.0 = Release|Any CPU
		{64968DE3-1C90-4FD0-A145-D24CD8B60BEB}.Release|x86.ActiveCfg = Release|Any CPU
		{64968DE3-1C90-4FD0-A145-D24CD8B60BEB}.Release|x86.Build.0 = Release|Any CPU
	EndGlobalSection
EndGlobal
